
Microsoft Visual Studio Solution File, Format Version 12.00
# Visual Studio Version 17
VisualStudioVersion = 17.10.35122.118
MinimumVisualStudioVersion = 10.0.40219.1
Project("{FAE04EC0-301F-11D3-BF4B-00C04F79EFBC}") = "PatikaKutuphane", "PatikaKutuphane.csproj", "{7F03D842-6F3C-4525-B7A9-D4D5682B916F}"
EndProject
Global
	GlobalSection(SolutionConfigurationPlatforms) = preSolution
		Debug|Any CPU = Debug|Any CPU
		Release|Any CPU = Release|Any CPU
	EndGlobalSection
	GlobalSection(ProjectConfigurationPlatforms) = postSolution
		{7F03D842-6F3C-4525-B7A9-D4D5682B916F}.Debug|Any CPU.ActiveCfg = Debug|Any CPU
		{7F03D842-6F3C-4525-B7A9-D4D5682B916F}.Debug|Any CPU.Build.0 = Debug|Any CPU
		{7F03D842-6F3C-4525-B7A9-D4D5682B916F}.Release|Any CPU.ActiveCfg = Release|Any CPU
		{7F03D842-6F3C-4525-B7A9-D4D5682B916F}.Release|Any CPU.Build.0 = Release|Any CPU
	EndGlobalSection
	GlobalSection(SolutionProperties) = preSolution
		HideSolutionNode = FALSE
	EndGlobalSection
	GlobalSection(ExtensibilityGlobals) = postSolution
		SolutionGuid = {422DED33-F798-41AF-9239-3AADFAE2FF38}
	EndGlobalSection
EndGlobal
